
Microsoft Visual Studio Solution File, Format Version 12.00
# Visual Studio Version 16
VisualStudioVersion = 16.0.31624.102
MinimumVisualStudioVersion = 10.0.40219.1
Project("{888888A0-9F3D-457C-B088-3A5042F75D52}") = "Server3", "Server3\Server3.pyproj", "{6A73FC9D-C709-4D8B-846B-EAB98E3F060D}"
EndProject
Global
	GlobalSection(SolutionConfigurationPlatforms) = preSolution
		Debug|Any CPU = Debug|Any CPU
		Release|Any CPU = Release|Any CPU
	EndGlobalSection
	GlobalSection(ProjectConfigurationPlatforms) = postSolution
		{6A73FC9D-C709-4D8B-846B-EAB98E3F060D}.Debug|Any CPU.ActiveCfg = Debug|Any CPU
		{6A73FC9D-C709-4D8B-846B-EAB98E3F060D}.Release|Any CPU.ActiveCfg = Release|Any CPU
	EndGlobalSection
	GlobalSection(SolutionProperties) = preSolution
		HideSolutionNode = FALSE
	EndGlobalSection
	GlobalSection(ExtensibilityGlobals) = postSolution
		SolutionGuid = {839E3718-C36B-4DC5-B144-A973B59A0462}
	EndGlobalSection
EndGlobal
